
Microsoft Visual Studio Solution File, Format Version 12.00
# Visual Studio Version 17
VisualStudioVersion = 17.7.34221.43
MinimumVisualStudioVersion = 10.0.40219.1
Project("{FAE04EC0-301F-11D3-BF4B-00C04F79EFBC}") = "vra-03", "vra-03\vra-03.csproj", "{7E77486B-20F6-453C-AAE3-E78B9FA10ED9}"
EndProject
Global
	GlobalSection(SolutionConfigurationPlatforms) = preSolution
		Debug|Any CPU = Debug|Any CPU
		Release|Any CPU = Release|Any CPU
	EndGlobalSection
	GlobalSection(ProjectConfigurationPlatforms) = postSolution
		{7E77486B-20F6-453C-AAE3-E78B9FA10ED9}.Debug|Any CPU.ActiveCfg = Debug|Any CPU
		{7E77486B-20F6-453C-AAE3-E78B9FA10ED9}.Debug|Any CPU.Build.0 = Debug|Any CPU
		{7E77486B-20F6-453C-AAE3-E78B9FA10ED9}.Release|Any CPU.ActiveCfg = Release|Any CPU
		{7E77486B-20F6-453C-AAE3-E78B9FA10ED9}.Release|Any CPU.Build.0 = Release|Any CPU
	EndGlobalSection
	GlobalSection(SolutionProperties) = preSolution
		HideSolutionNode = FALSE
	EndGlobalSection
	GlobalSection(ExtensibilityGlobals) = postSolution
		SolutionGuid = {3E0BB44D-C8DC-4B60-AB1E-CCBE436B5A5E}
	EndGlobalSection
EndGlobal
